
Microsoft Visual Studio Solution File, Format Version 12.00
# Visual Studio Version 17
VisualStudioVersion = 17.14.37516.0 d17.14
MinimumVisualStudioVersion = 10.0.40219.1
Project("{FAE04EC0-301F-11D3-BF4B-00C04F79EFBC}") = "Academia", "Academia\Academia.csproj", "{66484E83-A8E4-4156-B2E2-B4E221606527}"
EndProject
Global
	GlobalSection(SolutionConfigurationPlatforms) = preSolution
		Debug|Any CPU = Debug|Any CPU
		Release|Any CPU = Release|Any CPU
	EndGlobalSection
	GlobalSection(ProjectConfigurationPlatforms) = postSolution
		{66484E83-A8E4-4156-B2E2-B4E221606527}.Debug|Any CPU.ActiveCfg = Debug|Any CPU
		{66484E83-A8E4-4156-B2E2-B4E221606527}.Debug|Any CPU.Build.0 = Debug|Any CPU
		{66484E83-A8E4-4156-B2E2-B4E221606527}.Release|Any CPU.ActiveCfg = Release|Any CPU
		{66484E83-A8E4-4156-B2E2-B4E221606527}.Release|Any CPU.Build.0 = Release|Any CPU
	EndGlobalSection
	GlobalSection(SolutionProperties) = preSolution
		HideSolutionNode = FALSE
	EndGlobalSection
	GlobalSection(ExtensibilityGlobals) = postSolution
		SolutionGuid = {9E621EA9-9B26-496D-952B-B4F020E4069C}
	EndGlobalSection
EndGlobal
