
Microsoft Visual Studio Solution File, Format Version 12.00
# Visual Studio Version 17
VisualStudioVersion = 17.14.37314.3 d17.14
MinimumVisualStudioVersion = 10.0.40219.1
Project("{FAE04EC0-301F-11D3-BF4B-00C04F79EFBC}") = "LabAsincronia1", "LabAsincronia1\LabAsincronia1.csproj", "{490759CB-B5F6-47B0-B4EC-3EACA905FAB5}"
EndProject
Global
	GlobalSection(SolutionConfigurationPlatforms) = preSolution
		Debug|Any CPU = Debug|Any CPU
		Release|Any CPU = Release|Any CPU
	EndGlobalSection
	GlobalSection(ProjectConfigurationPlatforms) = postSolution
		{490759CB-B5F6-47B0-B4EC-3EACA905FAB5}.Debug|Any CPU.ActiveCfg = Debug|Any CPU
		{490759CB-B5F6-47B0-B4EC-3EACA905FAB5}.Debug|Any CPU.Build.0 = Debug|Any CPU
		{490759CB-B5F6-47B0-B4EC-3EACA905FAB5}.Release|Any CPU.ActiveCfg = Release|Any CPU
		{490759CB-B5F6-47B0-B4EC-3EACA905FAB5}.Release|Any CPU.Build.0 = Release|Any CPU
	EndGlobalSection
	GlobalSection(SolutionProperties) = preSolution
		HideSolutionNode = FALSE
	EndGlobalSection
	GlobalSection(ExtensibilityGlobals) = postSolution
		SolutionGuid = {0B4C17C7-B164-44EC-BC98-EA9E1507C4FC}
	EndGlobalSection
EndGlobal
