
Microsoft Visual Studio Solution File, Format Version 12.00
# Visual Studio Version 17
VisualStudioVersion = 17.14.37516.0 d17.14
MinimumVisualStudioVersion = 10.0.40219.1
Project("{FAE04EC0-301F-11D3-BF4B-00C04F79EFBC}") = "LabAPIRest", "LabAPIRest\LabAPIRest.csproj", "{A5288D3A-06B0-4DEE-8CDD-EC57599C662C}"
EndProject
Global
	GlobalSection(SolutionConfigurationPlatforms) = preSolution
		Debug|Any CPU = Debug|Any CPU
		Release|Any CPU = Release|Any CPU
	EndGlobalSection
	GlobalSection(ProjectConfigurationPlatforms) = postSolution
		{A5288D3A-06B0-4DEE-8CDD-EC57599C662C}.Debug|Any CPU.ActiveCfg = Debug|Any CPU
		{A5288D3A-06B0-4DEE-8CDD-EC57599C662C}.Debug|Any CPU.Build.0 = Debug|Any CPU
		{A5288D3A-06B0-4DEE-8CDD-EC57599C662C}.Release|Any CPU.ActiveCfg = Release|Any CPU
		{A5288D3A-06B0-4DEE-8CDD-EC57599C662C}.Release|Any CPU.Build.0 = Release|Any CPU
	EndGlobalSection
	GlobalSection(SolutionProperties) = preSolution
		HideSolutionNode = FALSE
	EndGlobalSection
	GlobalSection(ExtensibilityGlobals) = postSolution
		SolutionGuid = {C551454C-57FA-49E9-A38E-4BBFAB0D4005}
	EndGlobalSection
EndGlobal
