
Microsoft Visual Studio Solution File, Format Version 12.00
# Visual Studio Version 17
VisualStudioVersion = 17.14.37027.9 d17.14
MinimumVisualStudioVersion = 10.0.40219.1
Project("{FAE04EC0-301F-11D3-BF4B-00C04F79EFBC}") = "Lab01", "Lab01\Lab01.csproj", "{320A3F0E-35E1-4103-9C16-1BFE0F28E1E2}"
EndProject
Global
	GlobalSection(SolutionConfigurationPlatforms) = preSolution
		Debug|Any CPU = Debug|Any CPU
		Release|Any CPU = Release|Any CPU
	EndGlobalSection
	GlobalSection(ProjectConfigurationPlatforms) = postSolution
		{320A3F0E-35E1-4103-9C16-1BFE0F28E1E2}.Debug|Any CPU.ActiveCfg = Debug|Any CPU
		{320A3F0E-35E1-4103-9C16-1BFE0F28E1E2}.Debug|Any CPU.Build.0 = Debug|Any CPU
		{320A3F0E-35E1-4103-9C16-1BFE0F28E1E2}.Release|Any CPU.ActiveCfg = Release|Any CPU
		{320A3F0E-35E1-4103-9C16-1BFE0F28E1E2}.Release|Any CPU.Build.0 = Release|Any CPU
	EndGlobalSection
	GlobalSection(SolutionProperties) = preSolution
		HideSolutionNode = FALSE
	EndGlobalSection
	GlobalSection(ExtensibilityGlobals) = postSolution
		SolutionGuid = {A518EE2A-9FE1-472F-BD0D-29E73643C339}
	EndGlobalSection
EndGlobal
