
Microsoft Visual Studio Solution File, Format Version 12.00
# Visual Studio Version 17
VisualStudioVersion = 17.6.33815.320
MinimumVisualStudioVersion = 10.0.40219.1
Project("{FAE04EC0-301F-11D3-BF4B-00C04F79EFBC}") = "UTN.DotNet.EjAsync", "UTN.DotNet.EjAsync.csproj", "{973EEE30-4197-4B5F-9D10-3C8C38F6BEBC}"
EndProject
Global
	GlobalSection(SolutionConfigurationPlatforms) = preSolution
		Debug|Any CPU = Debug|Any CPU
		Release|Any CPU = Release|Any CPU
	EndGlobalSection
	GlobalSection(ProjectConfigurationPlatforms) = postSolution
		{973EEE30-4197-4B5F-9D10-3C8C38F6BEBC}.Debug|Any CPU.ActiveCfg = Debug|Any CPU
		{973EEE30-4197-4B5F-9D10-3C8C38F6BEBC}.Debug|Any CPU.Build.0 = Debug|Any CPU
		{973EEE30-4197-4B5F-9D10-3C8C38F6BEBC}.Release|Any CPU.ActiveCfg = Release|Any CPU
		{973EEE30-4197-4B5F-9D10-3C8C38F6BEBC}.Release|Any CPU.Build.0 = Release|Any CPU
	EndGlobalSection
	GlobalSection(SolutionProperties) = preSolution
		HideSolutionNode = FALSE
	EndGlobalSection
	GlobalSection(ExtensibilityGlobals) = postSolution
		SolutionGuid = {C8CA936D-087A-4F57-906F-26390D30625D}
	EndGlobalSection
EndGlobal
